<?xml version="1.0" encoding="UTF-8" standalone="yes" ?>
<CodeBlocks_project_file>
	<FileVersion major="1" minor="6" />
	<Project>
		<Option title="flightpred_train" />
		<Option pch_mode="2" />
		<Option compiler="gcc" />
		<Build>
			<Target title="Debug">
				<Option output="bin/Debug/flightpred_train" prefix_auto="1" extension_auto="1" />
				<Option object_output="obj/Debug/" />
				<Option type="1" />
				<Option compiler="gcc" />
				<Option parameters='--get-weather --position &quot;N 47 E 8&quot;' />
				<Compiler>
					<Add option="-g" />
					<Add option="-D__DEBUG" />
					<Add directory="../../3rd-party/json_spirit/json_spirit" />
					<Add directory="../../3rd-party/ggl/boost/ggl" />
				</Compiler>
				<Linker>
					<Add library="boost_program_options-mt-d" />
					<Add library="boost_filesystem-mt-d" />
					<Add library="boost_date_time-mt-d" />
					<Add library="boost_system-mt-d" />
					<Add library="json_spirit" />
					<Add library="pqxx" />
					<Add library="grib_api" />
					<Add directory="../../3rd-party/json_spirit/build/json_spirit" />
				</Linker>
			</Target>
			<Target title="Release">
				<Option output="bin/Release/flightpred_train" prefix_auto="1" extension_auto="1" />
				<Option object_output="obj/Release/" />
				<Option type="1" />
				<Option compiler="gcc" />
				<Compiler>
					<Add option="-O2" />
					<Add directory="../../3rd-party/json_spirit/json_spirit" />
					<Add directory="../../3rd-party/ggl/boost/ggl" />
				</Compiler>
				<Linker>
					<Add option="-s" />
					<Add library="boost_program_options-mt" />
					<Add library="boost_filesystem-mt" />
					<Add library="boost_date_time-mt" />
					<Add library="boost_system-mt" />
					<Add library="json_spirit" />
					<Add library="pqxx" />
					<Add library="grib_api" />
					<Add directory="../../3rd-party/json_spirit/build/json_spirit" />
				</Linker>
			</Target>
		</Build>
		<Compiler>
			<Add option="-Wall" />
			<Add option="-fexceptions" />
		</Compiler>
		<Unit filename="../../scripts/create_flightpred_db.sql" />
		<Unit filename="geo_parser.cpp" />
		<Unit filename="geo_parser.h" />
		<Unit filename="grab_flights.cpp" />
		<Unit filename="grab_flights.h" />
		<Unit filename="grab_grib.cpp" />
		<Unit filename="grab_grib.h" />
		<Unit filename="grib_pred_model.cpp" />
		<Unit filename="grib_pred_model.h" />
		<Unit filename="main.cpp" />
		<Extensions>
			<envvars />
			<code_completion />
			<lib_finder disable_auto="1" />
			<debugger />
		</Extensions>
	</Project>
</CodeBlocks_project_file>
